
Microsoft Visual Studio Solution File, Format Version 12.00
# Visual Studio Version 17
VisualStudioVersion = 17.0.31903.59
MinimumVisualStudioVersion = 10.0.40219.1
Project("{2150E333-8FDC-42A3-9474-1A3956D46DE8}") = "src", "src", "{13595E84-8350-4A5C-924F-943AFBEA7E29}"
EndProject
Project("{2150E333-8FDC-42A3-9474-1A3956D46DE8}") = "BuildingBlocks", "BuildingBlocks", "{46B93C50-15F4-43E3-88F1-5EBA386500A2}"
EndProject
Project("{FAE04EC0-301F-11D3-BF4B-00C04F79EFBC}") = "Healthchecks", "src\BuildingBlocks\Healthchecks\Healthchecks.csproj", "{A22B643C-5DB7-48B4-B565-7B0FECDE42A5}"
EndProject
Project("{FAE04EC0-301F-11D3-BF4B-00C04F79EFBC}") = "EventBus", "src\BuildingBlocks\EventBus\EventBus.csproj", "{6847184E-D634-4B0E-9CC0-3F847D71C5B3}"
EndProject
Global
	GlobalSection(SolutionConfigurationPlatforms) = preSolution
		Debug|Any CPU = Debug|Any CPU
		Release|Any CPU = Release|Any CPU
	EndGlobalSection
	GlobalSection(SolutionProperties) = preSolution
		HideSolutionNode = FALSE
	EndGlobalSection
	GlobalSection(ProjectConfigurationPlatforms) = postSolution
		{A22B643C-5DB7-48B4-B565-7B0FECDE42A5}.Debug|Any CPU.ActiveCfg = Debug|Any CPU
		{A22B643C-5DB7-48B4-B565-7B0FECDE42A5}.Debug|Any CPU.Build.0 = Debug|Any CPU
		{A22B643C-5DB7-48B4-B565-7B0FECDE42A5}.Release|Any CPU.ActiveCfg = Release|Any CPU
		{A22B643C-5DB7-48B4-B565-7B0FECDE42A5}.Release|Any CPU.Build.0 = Release|Any CPU
		{6847184E-D634-4B0E-9CC0-3F847D71C5B3}.Debug|Any CPU.ActiveCfg = Debug|Any CPU
		{6847184E-D634-4B0E-9CC0-3F847D71C5B3}.Debug|Any CPU.Build.0 = Debug|Any CPU
		{6847184E-D634-4B0E-9CC0-3F847D71C5B3}.Release|Any CPU.ActiveCfg = Release|Any CPU
		{6847184E-D634-4B0E-9CC0-3F847D71C5B3}.Release|Any CPU.Build.0 = Release|Any CPU
	EndGlobalSection
	GlobalSection(NestedProjects) = preSolution
		{46B93C50-15F4-43E3-88F1-5EBA386500A2} = {13595E84-8350-4A5C-924F-943AFBEA7E29}
		{A22B643C-5DB7-48B4-B565-7B0FECDE42A5} = {46B93C50-15F4-43E3-88F1-5EBA386500A2}
		{6847184E-D634-4B0E-9CC0-3F847D71C5B3} = {46B93C50-15F4-43E3-88F1-5EBA386500A2}
	EndGlobalSection
EndGlobal
